// !$*UTF8*$!
{
	archiveVersion = 1;
	classes = {
	};
	objectVersion = 56;
	objects = {

/* Begin PBXBuildFile section */
		AC81BC3C2C6EAC87001A9E5E /* LandmarksApp.swift in Sources */ = {isa = PBXBuildFile; fileRef = AC81BC3B2C6EAC87001A9E5E /* LandmarksApp.swift */; };
		AC81BC3E2C6EAC87001A9E5E /* ContentView.swift in Sources */ = {isa = PBXBuildFile; fileRef = AC81BC3D2C6EAC87001A9E5E /* ContentView.swift */; };
		AC81BC402C6EAC89001A9E5E /* Assets.xcassets in Resources */ = {isa = PBXBuildFile; fileRef = AC81BC3F2C6EAC89001A9E5E /* Assets.xcassets */; };
		AC81BC432C6EAC89001A9E5E /* Preview Assets.xcassets in Resources */ = {isa = PBXBuildFile; fileRef = AC81BC422C6EAC89001A9E5E /* Preview Assets.xcassets */; };
		AC81BC452C6EAC89001A9E5E /* Persistence.swift in Sources */ = {isa = PBXBuildFile; fileRef = AC81BC442C6EAC89001A9E5E /* Persistence.swift */; };
		AC81BC482C6EAC89001A9E5E /* Landmarks.xcdatamodeld in Sources */ = {isa = PBXBuildFile; fileRef = AC81BC462C6EAC89001A9E5E /* Landmarks.xcdatamodeld */; };
		AC81BC522C6EAC8B001A9E5E /* LandmarksTests.swift in Sources */ = {isa = PBXBuildFile; fileRef = AC81BC512C6EAC8B001A9E5E /* LandmarksTests.swift */; };
		AC81BC5C2C6EAC8B001A9E5E /* LandmarksUITests.swift in Sources */ = {isa = PBXBuildFile; fileRef = AC81BC5B2C6EAC8B001A9E5E /* LandmarksUITests.swift */; };
		AC81BC5E2C6EAC8B001A9E5E /* LandmarksUITestsLaunchTests.swift in Sources */ = {isa = PBXBuildFile; fileRef = AC81BC5D2C6EAC8B001A9E5E /* LandmarksUITestsLaunchTests.swift */; };
		AC81BC6B2C6EB343001A9E5E /* CircleImage.swift in Sources */ = {isa = PBXBuildFile; fileRef = AC81BC6A2C6EB343001A9E5E /* CircleImage.swift */; };
		AC81BC6D2C6EB46C001A9E5E /* MapView.swift in Sources */ = {isa = PBXBuildFile; fileRef = AC81BC6C2C6EB46C001A9E5E /* MapView.swift */; };
		AC81BC6F2C6FA10C001A9E5E /* landmarkData.json in Resources */ = {isa = PBXBuildFile; fileRef = AC81BC6E2C6FA10C001A9E5E /* landmarkData.json */; };
		AC81BC712C6FA145001A9E5E /* Landmark.swift in Sources */ = {isa = PBXBuildFile; fileRef = AC81BC702C6FA145001A9E5E /* Landmark.swift */; };
		AC81BC732C6FA33C001A9E5E /* ModelData.swift in Sources */ = {isa = PBXBuildFile; fileRef = AC81BC722C6FA33C001A9E5E /* ModelData.swift */; };
		AC81BC782C6FA5B4001A9E5E /* LandmarkRow.swift in Sources */ = {isa = PBXBuildFile; fileRef = AC81BC772C6FA5B4001A9E5E /* LandmarkRow.swift */; };
		AC81BC7A2C6FA7AC001A9E5E /* LandmarkList.swift in Sources */ = {isa = PBXBuildFile; fileRef = AC81BC792C6FA7AC001A9E5E /* LandmarkList.swift */; };
		AC81BC7C2C6FAB99001A9E5E /* LandmarkDetail.swift in Sources */ = {isa = PBXBuildFile; fileRef = AC81BC7B2C6FAB99001A9E5E /* LandmarkDetail.swift */; };
/* End PBXBuildFile section */

/* Begin PBXContainerItemProxy section */
		AC81BC4E2C6EAC8B001A9E5E /* PBXContainerItemProxy */ = {
			isa = PBXContainerItemProxy;
			containerPortal = AC81BC302C6EAC87001A9E5E /* Project object */;
			proxyType = 1;
			remoteGlobalIDString = AC81BC372C6EAC87001A9E5E;
			remoteInfo = Landmarks;
		};
		AC81BC582C6EAC8B001A9E5E /* PBXContainerItemProxy */ = {
			isa = PBXContainerItemProxy;
			containerPortal = AC81BC302C6EAC87001A9E5E /* Project object */;
			proxyType = 1;
			remoteGlobalIDString = AC81BC372C6EAC87001A9E5E;
			remoteInfo = Landmarks;
		};
/* End PBXContainerItemProxy section */

/* Begin PBXFileReference section */
		AC81BC382C6EAC87001A9E5E /* Landmarks.app */ = {isa = PBXFileReference; explicitFileType = wrapper.application; includeInIndex = 0; path = Landmarks.app; sourceTree = BUILT_PRODUCTS_DIR; };
		AC81BC3B2C6EAC87001A9E5E /* LandmarksApp.swift */ = {isa = PBXFileReference; lastKnownFileType = sourcecode.swift; path = LandmarksApp.swift; sourceTree = "<group>"; };
		AC81BC3D2C6EAC87001A9E5E /* ContentView.swift */ = {isa = PBXFileReference; lastKnownFileType = sourcecode.swift; path = ContentView.swift; sourceTree = "<group>"; };
		AC81BC3F2C6EAC89001A9E5E /* Assets.xcassets */ = {isa = PBXFileReference; lastKnownFileType = folder.assetcatalog; path = Assets.xcassets; sourceTree = "<group>"; };
		AC81BC422C6EAC89001A9E5E /* Preview Assets.xcassets */ = {isa = PBXFileReference; lastKnownFileType = folder.assetcatalog; path = "Preview Assets.xcassets"; sourceTree = "<group>"; };
		AC81BC442C6EAC89001A9E5E /* Persistence.swift */ = {isa = PBXFileReference; lastKnownFileType = sourcecode.swift; path = Persistence.swift; sourceTree = "<group>"; };
		AC81BC472C6EAC89001A9E5E /* Landmarks.xcdatamodel */ = {isa = PBXFileReference; lastKnownFileType = wrapper.xcdatamodel; path = Landmarks.xcdatamodel; sourceTree = "<group>"; };
		AC81BC4D2C6EAC8B001A9E5E /* LandmarksTests.xctest */ = {isa = PBXFileReference; explicitFileType = wrapper.cfbundle; includeInIndex = 0; path = LandmarksTests.xctest; sourceTree = BUILT_PRODUCTS_DIR; };
		AC81BC512C6EAC8B001A9E5E /* LandmarksTests.swift */ = {isa = PBXFileReference; lastKnownFileType = sourcecode.swift; path = LandmarksTests.swift; sourceTree = "<group>"; };
		AC81BC572C6EAC8B001A9E5E /* LandmarksUITests.xctest */ = {isa = PBXFileReference; explicitFileType = wrapper.cfbundle; includeInIndex = 0; path = LandmarksUITests.xctest; sourceTree = BUILT_PRODUCTS_DIR; };
		AC81BC5B2C6EAC8B001A9E5E /* LandmarksUITests.swift */ = {isa = PBXFileReference; lastKnownFileType = sourcecode.swift; path = LandmarksUITests.swift; sourceTree = "<group>"; };
		AC81BC5D2C6EAC8B001A9E5E /* LandmarksUITestsLaunchTests.swift */ = {isa = PBXFileReference; lastKnownFileType = sourcecode.swift; path = LandmarksUITestsLaunchTests.swift; sourceTree = "<group>"; };
		AC81BC6A2C6EB343001A9E5E /* CircleImage.swift */ = {isa = PBXFileReference; lastKnownFileType = sourcecode.swift; path = CircleImage.swift; sourceTree = "<group>"; };
		AC81BC6C2C6EB46C001A9E5E /* MapView.swift */ = {isa = PBXFileReference; lastKnownFileType = sourcecode.swift; path = MapView.swift; sourceTree = "<group>"; };
		AC81BC6E2C6FA10C001A9E5E /* landmarkData.json */ = {isa = PBXFileReference; fileEncoding = 4; lastKnownFileType = text.json; path = landmarkData.json; sourceTree = "<group>"; };
		AC81BC702C6FA145001A9E5E /* Landmark.swift */ = {isa = PBXFileReference; lastKnownFileType = sourcecode.swift; path = Landmark.swift; sourceTree = "<group>"; };
		AC81BC722C6FA33C001A9E5E /* ModelData.swift */ = {isa = PBXFileReference; lastKnownFileType = sourcecode.swift; path = ModelData.swift; sourceTree = "<group>"; };
		AC81BC772C6FA5B4001A9E5E /* LandmarkRow.swift */ = {isa = PBXFileReference; lastKnownFileType = sourcecode.swift; name = LandmarkRow.swift; path = Landmarks/Resources/LandmarkRow.swift; sourceTree = SOURCE_ROOT; };
		AC81BC792C6FA7AC001A9E5E /* LandmarkList.swift */ = {isa = PBXFileReference; lastKnownFileType = sourcecode.swift; path = LandmarkList.swift; sourceTree = "<group>"; };
		AC81BC7B2C6FAB99001A9E5E /* LandmarkDetail.swift */ = {isa = PBXFileReference; lastKnownFileType = sourcecode.swift; path = LandmarkDetail.swift; sourceTree = "<group>"; };
/* End PBXFileReference section */

/* Begin PBXFrameworksBuildPhase section */
		AC81BC352C6EAC87001A9E5E /* Frameworks */ = {
			isa = PBXFrameworksBuildPhase;
			buildActionMask = 2147483647;
			files = (
			);
			runOnlyForDeploymentPostprocessing = 0;
		};
		AC81BC4A2C6EAC8B001A9E5E /* Frameworks */ = {
			isa = PBXFrameworksBuildPhase;
			buildActionMask = 2147483647;
			files = (
			);
			runOnlyForDeploymentPostprocessing = 0;
		};
		AC81BC542C6EAC8B001A9E5E /* Frameworks */ = {
			isa = PBXFrameworksBuildPhase;
			buildActionMask = 2147483647;
			files = (
			);
			runOnlyForDeploymentPostprocessing = 0;
		};
/* End PBXFrameworksBuildPhase section */

/* Begin PBXGroup section */
		AC81BC2F2C6EAC87001A9E5E = {
			isa = PBXGroup;
			children = (
				AC81BC3A2C6EAC87001A9E5E /* Landmarks */,
				AC81BC502C6EAC8B001A9E5E /* LandmarksTests */,
				AC81BC5A2C6EAC8B001A9E5E /* LandmarksUITests */,
				AC81BC392C6EAC87001A9E5E /* Products */,
			);
			sourceTree = "<group>";
		};
		AC81BC392C6EAC87001A9E5E /* Products */ = {
			isa = PBXGroup;
			children = (
				AC81BC382C6EAC87001A9E5E /* Landmarks.app */,
				AC81BC4D2C6EAC8B001A9E5E /* LandmarksTests.xctest */,
				AC81BC572C6EAC8B001A9E5E /* LandmarksUITests.xctest */,
			);
			name = Products;
			sourceTree = "<group>";
		};
		AC81BC3A2C6EAC87001A9E5E /* Landmarks */ = {
			isa = PBXGroup;
			children = (
				AC81BC3B2C6EAC87001A9E5E /* LandmarksApp.swift */,
				AC81BC442C6EAC89001A9E5E /* Persistence.swift */,
				AC81BC742C6FA51A001A9E5E /* Views */,
				AC81BC752C6FA548001A9E5E /* Model */,
				AC81BC762C6FA556001A9E5E /* Resources */,
				AC81BC3F2C6EAC89001A9E5E /* Assets.xcassets */,
				AC81BC462C6EAC89001A9E5E /* Landmarks.xcdatamodeld */,
				AC81BC412C6EAC89001A9E5E /* Preview Content */,
			);
			path = Landmarks;
			sourceTree = "<group>";
		};
		AC81BC412C6EAC89001A9E5E /* Preview Content */ = {
			isa = PBXGroup;
			children = (
				AC81BC422C6EAC89001A9E5E /* Preview Assets.xcassets */,
			);
			path = "Preview Content";
			sourceTree = "<group>";
		};
		AC81BC502C6EAC8B001A9E5E /* LandmarksTests */ = {
			isa = PBXGroup;
			children = (
				AC81BC512C6EAC8B001A9E5E /* LandmarksTests.swift */,
			);
			path = LandmarksTests;
			sourceTree = "<group>";
		};
		AC81BC5A2C6EAC8B001A9E5E /* LandmarksUITests */ = {
			isa = PBXGroup;
			children = (
				AC81BC5B2C6EAC8B001A9E5E /* LandmarksUITests.swift */,
				AC81BC5D2C6EAC8B001A9E5E /* LandmarksUITestsLaunchTests.swift */,
			);
			path = LandmarksUITests;
			sourceTree = "<group>";
		};
		AC81BC742C6FA51A001A9E5E /* Views */ = {
			isa = PBXGroup;
			children = (
				AC81BC3D2C6EAC87001A9E5E /* ContentView.swift */,
				AC81BC792C6FA7AC001A9E5E /* LandmarkList.swift */,
				AC81BC772C6FA5B4001A9E5E /* LandmarkRow.swift */,
				AC81BC7B2C6FAB99001A9E5E /* LandmarkDetail.swift */,
				AC81BC6A2C6EB343001A9E5E /* CircleImage.swift */,
				AC81BC6C2C6EB46C001A9E5E /* MapView.swift */,
			);
			path = Views;
			sourceTree = "<group>";
		};
		AC81BC752C6FA548001A9E5E /* Model */ = {
			isa = PBXGroup;
			children = (
				AC81BC702C6FA145001A9E5E /* Landmark.swift */,
				AC81BC722C6FA33C001A9E5E /* ModelData.swift */,
			);
			path = Model;
			sourceTree = "<group>";
		};
		AC81BC762C6FA556001A9E5E /* Resources */ = {
			isa = PBXGroup;
			children = (
				AC81BC6E2C6FA10C001A9E5E /* landmarkData.json */,
			);
			path = Resources;
			sourceTree = "<group>";
		};
/* End PBXGroup section */

/* Begin PBXNativeTarget section */
		AC81BC372C6EAC87001A9E5E /* Landmarks */ = {
			isa = PBXNativeTarget;
			buildConfigurationList = AC81BC612C6EAC8B001A9E5E /* Build configuration list for PBXNativeTarget "Landmarks" */;
			buildPhases = (
				AC81BC342C6EAC87001A9E5E /* Sources */,
				AC81BC352C6EAC87001A9E5E /* Frameworks */,
				AC81BC362C6EAC87001A9E5E /* Resources */,
			);
			buildRules = (
			);
			dependencies = (
			);
			name = Landmarks;
			productName = Landmarks;
			productReference = AC81BC382C6EAC87001A9E5E /* Landmarks.app */;
			productType = "com.apple.product-type.application";
		};
		AC81BC4C2C6EAC8B001A9E5E /* LandmarksTests */ = {
			isa = PBXNativeTarget;
			buildConfigurationList = AC81BC642C6EAC8B001A9E5E /* Build configuration list for PBXNativeTarget "LandmarksTests" */;
			buildPhases = (
				AC81BC492C6EAC8B001A9E5E /* Sources */,
				AC81BC4A2C6EAC8B001A9E5E /* Frameworks */,
				AC81BC4B2C6EAC8B001A9E5E /* Resources */,
			);
			buildRules = (
			);
			dependencies = (
				AC81BC4F2C6EAC8B001A9E5E /* PBXTargetDependency */,
			);
			name = LandmarksTests;
			productName = LandmarksTests;
			productReference = AC81BC4D2C6EAC8B001A9E5E /* LandmarksTests.xctest */;
			productType = "com.apple.product-type.bundle.unit-test";
		};
		AC81BC562C6EAC8B001A9E5E /* LandmarksUITests */ = {
			isa = PBXNativeTarget;
			buildConfigurationList = AC81BC672C6EAC8B001A9E5E /* Build configuration list for PBXNativeTarget "LandmarksUITests" */;
			buildPhases = (
				AC81BC532C6EAC8B001A9E5E /* Sources */,
				AC81BC542C6EAC8B001A9E5E /* Frameworks */,
				AC81BC552C6EAC8B001A9E5E /* Resources */,
			);
			buildRules = (
			);
			dependencies = (
				AC81BC592C6EAC8B001A9E5E /* PBXTargetDependency */,
			);
			name = LandmarksUITests;
			productName = LandmarksUITests;
			productReference = AC81BC572C6EAC8B001A9E5E /* LandmarksUITests.xctest */;
			productType = "com.apple.product-type.bundle.ui-testing";
		};
/* End PBXNativeTarget section */

/* Begin PBXProject section */
		AC81BC302C6EAC87001A9E5E /* Project object */ = {
			isa = PBXProject;
			attributes = {
				BuildIndependentTargetsInParallel = 1;
				LastSwiftUpdateCheck = 1540;
				LastUpgradeCheck = 1540;
				TargetAttributes = {
					AC81BC372C6EAC87001A9E5E = {
						CreatedOnToolsVersion = 15.4;
					};
					AC81BC4C2C6EAC8B001A9E5E = {
						CreatedOnToolsVersion = 15.4;
						TestTargetID = AC81BC372C6EAC87001A9E5E;
					};
					AC81BC562C6EAC8B001A9E5E = {
						CreatedOnToolsVersion = 15.4;
						TestTargetID = AC81BC372C6EAC87001A9E5E;
					};
				};
			};
			buildConfigurationList = AC81BC332C6EAC87001A9E5E /* Build configuration list for PBXProject "Landmarks" */;
			compatibilityVersion = "Xcode 14.0";
			developmentRegion = en;
			hasScannedForEncodings = 0;
			knownRegions = (
				en,
				Base,
			);
			mainGroup = AC81BC2F2C6EAC87001A9E5E;
			productRefGroup = AC81BC392C6EAC87001A9E5E /* Products */;
			projectDirPath = "";
			projectRoot = "";
			targets = (
				AC81BC372C6EAC87001A9E5E /* Landmarks */,
				AC81BC4C2C6EAC8B001A9E5E /* LandmarksTests */,
				AC81BC562C6EAC8B001A9E5E /* LandmarksUITests */,
			);
		};
/* End PBXProject section */

/* Begin PBXResourcesBuildPhase section */
		AC81BC362C6EAC87001A9E5E /* Resources */ = {
			isa = PBXResourcesBuildPhase;
			buildActionMask = 2147483647;
			files = (
				AC81BC432C6EAC89001A9E5E /* Preview Assets.xcassets in Resources */,
				AC81BC402C6EAC89001A9E5E /* Assets.xcassets in Resources */,
				AC81BC6F2C6FA10C001A9E5E /* landmarkData.json in Resources */,
			);
			runOnlyForDeploymentPostprocessing = 0;
		};
		AC81BC4B2C6EAC8B001A9E5E /* Resources */ = {
			isa = PBXResourcesBuildPhase;
			buildActionMask = 2147483647;
			files = (
			);
			runOnlyForDeploymentPostprocessing = 0;
		};
		AC81BC552C6EAC8B001A9E5E /* Resources */ = {
			isa = PBXResourcesBuildPhase;
			buildActionMask = 2147483647;
			files = (
			);
			runOnlyForDeploymentPostprocessing = 0;
		};
/* End PBXResourcesBuildPhase section */

/* Begin PBXSourcesBuildPhase section */
		AC81BC342C6EAC87001A9E5E /* Sources */ = {
			isa = PBXSourcesBuildPhase;
			buildActionMask = 2147483647;
			files = (
				AC81BC712C6FA145001A9E5E /* Landmark.swift in Sources */,
				AC81BC452C6EAC89001A9E5E /* Persistence.swift in Sources */,
				AC81BC6D2C6EB46C001A9E5E /* MapView.swift in Sources */,
				AC81BC3E2C6EAC87001A9E5E /* ContentView.swift in Sources */,
				AC81BC3C2C6EAC87001A9E5E /* LandmarksApp.swift in Sources */,
				AC81BC732C6FA33C001A9E5E /* ModelData.swift in Sources */,
				AC81BC482C6EAC89001A9E5E /* Landmarks.xcdatamodeld in Sources */,
				AC81BC6B2C6EB343001A9E5E /* CircleImage.swift in Sources */,
				AC81BC782C6FA5B4001A9E5E /* LandmarkRow.swift in Sources */,
				AC81BC7A2C6FA7AC001A9E5E /* LandmarkList.swift in Sources */,
				AC81BC7C2C6FAB99001A9E5E /* LandmarkDetail.swift in Sources */,
			);
			runOnlyForDeploymentPostprocessing = 0;
		};
		AC81BC492C6EAC8B001A9E5E /* Sources */ = {
			isa = PBXSourcesBuildPhase;
			buildActionMask = 2147483647;
			files = (
				AC81BC522C6EAC8B001A9E5E /* LandmarksTests.swift in Sources */,
			);
			runOnlyForDeploymentPostprocessing = 0;
		};
		AC81BC532C6EAC8B001A9E5E /* Sources */ = {
			isa = PBXSourcesBuildPhase;
			buildActionMask = 2147483647;
			files = (
				AC81BC5E2C6EAC8B001A9E5E /* LandmarksUITestsLaunchTests.swift in Sources */,
				AC81BC5C2C6EAC8B001A9E5E /* LandmarksUITests.swift in Sources */,
			);
			runOnlyForDeploymentPostprocessing = 0;
		};
/* End PBXSourcesBuildPhase section */

/* Begin PBXTargetDependency section */
		AC81BC4F2C6EAC8B001A9E5E /* PBXTargetDependency */ = {
			isa = PBXTargetDependency;
			target = AC81BC372C6EAC87001A9E5E /* Landmarks */;
			targetProxy = AC81BC4E2C6EAC8B001A9E5E /* PBXContainerItemProxy */;
		};
		AC81BC592C6EAC8B001A9E5E /* PBXTargetDependency */ = {
			isa = PBXTargetDependency;
			target = AC81BC372C6EAC87001A9E5E /* Landmarks */;
			targetProxy = AC81BC582C6EAC8B001A9E5E /* PBXContainerItemProxy */;
		};
/* End PBXTargetDependency section */

/* Begin XCBuildConfiguration section */
		AC81BC5F2C6EAC8B001A9E5E /* Debug */ = {
			isa = XCBuildConfiguration;
			buildSettings = {
				ALWAYS_SEARCH_USER_PATHS = NO;
				ASSETCATALOG_COMPILER_GENERATE_SWIFT_ASSET_SYMBOL_EXTENSIONS = YES;
				CLANG_ANALYZER_NONNULL = YES;
				CLANG_ANALYZER_NUMBER_OBJECT_CONVERSION = YES_AGGRESSIVE;
				CLANG_CXX_LANGUAGE_STANDARD = "gnu++20";
				CLANG_ENABLE_MODULES = YES;
				CLANG_ENABLE_OBJC_ARC = YES;
				CLANG_ENABLE_OBJC_WEAK = YES;
				CLANG_WARN_BLOCK_CAPTURE_AUTORELEASING = YES;
				CLANG_WARN_BOOL_CONVERSION = YES;
				CLANG_WARN_COMMA = YES;
				CLANG_WARN_CONSTANT_CONVERSION = YES;
				CLANG_WARN_DEPRECATED_OBJC_IMPLEMENTATIONS = YES;
				CLANG_WARN_DIRECT_OBJC_ISA_USAGE = YES_ERROR;
				CLANG_WARN_DOCUMENTATION_COMMENTS = YES;
				CLANG_WARN_EMPTY_BODY = YES;
				CLANG_WARN_ENUM_CONVERSION = YES;
				CLANG_WARN_INFINITE_RECURSION = YES;
				CLANG_WARN_INT_CONVERSION = YES;
				CLANG_WARN_NON_LITERAL_NULL_CONVERSION = YES;
				CLANG_WARN_OBJC_IMPLICIT_RETAIN_SELF = YES;
				CLANG_WARN_OBJC_LITERAL_CONVERSION = YES;
				CLANG_WARN_OBJC_ROOT_CLASS = YES_ERROR;
				CLANG_WARN_QUOTED_INCLUDE_IN_FRAMEWORK_HEADER = YES;
				CLANG_WARN_RANGE_LOOP_ANALYSIS = YES;
				CLANG_WARN_STRICT_PROTOTYPES = YES;
				CLANG_WARN_SUSPICIOUS_MOVE = YES;
				CLANG_WARN_UNGUARDED_AVAILABILITY = YES_AGGRESSIVE;
				CLANG_WARN_UNREACHABLE_CODE = YES;
				CLANG_WARN__DUPLICATE_METHOD_MATCH = YES;
				COPY_PHASE_STRIP = NO;
				DEBUG_INFORMATION_FORMAT = dwarf;
				ENABLE_STRICT_OBJC_MSGSEND = YES;
				ENABLE_TESTABILITY = YES;
				ENABLE_USER_SCRIPT_SANDBOXING = YES;
				GCC_C_LANGUAGE_STANDARD = gnu17;
				GCC_DYNAMIC_NO_PIC = NO;
				GCC_NO_COMMON_BLOCKS = YES;
				GCC_OPTIMIZATION_LEVEL = 0;
				GCC_PREPROCESSOR_DEFINITIONS = (
					"DEBUG=1",
					"$(inherited)",
				);
				GCC_WARN_64_TO_32_BIT_CONVERSION = YES;
				GCC_WARN_ABOUT_RETURN_TYPE = YES_ERROR;
				GCC_WARN_UNDECLARED_SELECTOR = YES;
				GCC_WARN_UNINITIALIZED_AUTOS = YES_AGGRESSIVE;
				GCC_WARN_UNUSED_FUNCTION = YES;
				GCC_WARN_UNUSED_VARIABLE = YES;
				IPHONEOS_DEPLOYMENT_TARGET = 17.5;
				LOCALIZATION_PREFERS_STRING_CATALOGS = YES;
				MTL_ENABLE_DEBUG_INFO = INCLUDE_SOURCE;
				MTL_FAST_MATH = YES;
				ONLY_ACTIVE_ARCH = YES;
				SDKROOT = iphoneos;
				SWIFT_ACTIVE_COMPILATION_CONDITIONS = "DEBUG $(inherited)";
				SWIFT_OPTIMIZATION_LEVEL = "-Onone";
			};
			name = Debug;
		};
		AC81BC602C6EAC8B001A9E5E /* Release */ = {
			isa = XCBuildConfiguration;
			buildSettings = {
				ALWAYS_SEARCH_USER_PATHS = NO;
				ASSETCATALOG_COMPILER_GENERATE_SWIFT_ASSET_SYMBOL_EXTENSIONS = YES;
				CLANG_ANALYZER_NONNULL = YES;
				CLANG_ANALYZER_NUMBER_OBJECT_CONVERSION = YES_AGGRESSIVE;
				CLANG_CXX_LANGUAGE_STANDARD = "gnu++20";
				CLANG_ENABLE_MODULES = YES;
				CLANG_ENABLE_OBJC_ARC = YES;
				CLANG_ENABLE_OBJC_WEAK = YES;
				CLANG_WARN_BLOCK_CAPTURE_AUTORELEASING = YES;
				CLANG_WARN_BOOL_CONVERSION = YES;
				CLANG_WARN_COMMA = YES;
				CLANG_WARN_CONSTANT_CONVERSION = YES;
				CLANG_WARN_DEPRECATED_OBJC_IMPLEMENTATIONS = YES;
				CLANG_WARN_DIRECT_OBJC_ISA_USAGE = YES_ERROR;
				CLANG_WARN_DOCUMENTATION_COMMENTS = YES;
				CLANG_WARN_EMPTY_BODY = YES;
				CLANG_WARN_ENUM_CONVERSION = YES;
				CLANG_WARN_INFINITE_RECURSION = YES;
				CLANG_WARN_INT_CONVERSION = YES;
				CLANG_WARN_NON_LITERAL_NULL_CONVERSION = YES;
				CLANG_WARN_OBJC_IMPLICIT_RETAIN_SELF = YES;
				CLANG_WARN_OBJC_LITERAL_CONVERSION = YES;
				CLANG_WARN_OBJC_ROOT_CLASS = YES_ERROR;
				CLANG_WARN_QUOTED_INCLUDE_IN_FRAMEWORK_HEADER = YES;
				CLANG_WARN_RANGE_LOOP_ANALYSIS = YES;
				CLANG_WARN_STRICT_PROTOTYPES = YES;
				CLANG_WARN_SUSPICIOUS_MOVE = YES;
				CLANG_WARN_UNGUARDED_AVAILABILITY = YES_AGGRESSIVE;
				CLANG_WARN_UNREACHABLE_CODE = YES;
				CLANG_WARN__DUPLICATE_METHOD_MATCH = YES;
				COPY_PHASE_STRIP = NO;
				DEBUG_INFORMATION_FORMAT = "dwarf-with-dsym";
				ENABLE_NS_ASSERTIONS = NO;
				ENABLE_STRICT_OBJC_MSGSEND = YES;
				ENABLE_USER_SCRIPT_SANDBOXING = YES;
				GCC_C_LANGUAGE_STANDARD = gnu17;
				GCC_NO_COMMON_BLOCKS = YES;
				GCC_WARN_64_TO_32_BIT_CONVERSION = YES;
				GCC_WARN_ABOUT_RETURN_TYPE = YES_ERROR;
				GCC_WARN_UNDECLARED_SELECTOR = YES;
				GCC_WARN_UNINITIALIZED_AUTOS = YES_AGGRESSIVE;
				GCC_WARN_UNUSED_FUNCTION = YES;
				GCC_WARN_UNUSED_VARIABLE = YES;
				IPHONEOS_DEPLOYMENT_TARGET = 17.5;
				LOCALIZATION_PREFERS_STRING_CATALOGS = YES;
				MTL_ENABLE_DEBUG_INFO = NO;
				MTL_FAST_MATH = YES;
				SDKROOT = iphoneos;
				SWIFT_COMPILATION_MODE = wholemodule;
				VALIDATE_PRODUCT = YES;
			};
			name = Release;
		};
		AC81BC622C6EAC8B001A9E5E /* Debug */ = {
			isa = XCBuildConfiguration;
			buildSettings = {
				ASSETCATALOG_COMPILER_APPICON_NAME = AppIcon;
				ASSETCATALOG_COMPILER_GLOBAL_ACCENT_COLOR_NAME = AccentColor;
				CODE_SIGN_STYLE = Automatic;
				CURRENT_PROJECT_VERSION = 1;
				DEVELOPMENT_ASSET_PATHS = "\"Landmarks/Preview Content\"";
				DEVELOPMENT_TEAM = J6V7ZW6RD3;
				ENABLE_PREVIEWS = YES;
				GENERATE_INFOPLIST_FILE = YES;
				INFOPLIST_KEY_UIApplicationSceneManifest_Generation = YES;
				INFOPLIST_KEY_UIApplicationSupportsIndirectInputEvents = YES;
				INFOPLIST_KEY_UILaunchScreen_Generation = YES;
				INFOPLIST_KEY_UISupportedInterfaceOrientations_iPad = "UIInterfaceOrientationPortrait UIInterfaceOrientationPortraitUpsideDown UIInterfaceOrientationLandscapeLeft UIInterfaceOrientationLandscapeRight";
				INFOPLIST_KEY_UISupportedInterfaceOrientations_iPhone = "UIInterfaceOrientationPortrait UIInterfaceOrientationLandscapeLeft UIInterfaceOrientationLandscapeRight";
				IPHONEOS_DEPLOYMENT_TARGET = 17.5;
				LD_RUNPATH_SEARCH_PATHS = (
					"$(inherited)",
					"@executable_path/Frameworks",
				);
				MARKETING_VERSION = 1.0;
				PRODUCT_BUNDLE_IDENTIFIER = "com.yuma-takai.Landmarks";
				PRODUCT_NAME = "$(TARGET_NAME)";
				SWIFT_EMIT_LOC_STRINGS = YES;
				SWIFT_VERSION = 5.0;
				TARGETED_DEVICE_FAMILY = "1,2";
			};
			name = Debug;
		};
		AC81BC632C6EAC8B001A9E5E /* Release */ = {
			isa = XCBuildConfiguration;
			buildSettings = {
				ASSETCATALOG_COMPILER_APPICON_NAME = AppIcon;
				ASSETCATALOG_COMPILER_GLOBAL_ACCENT_COLOR_NAME = AccentColor;
				CODE_SIGN_STYLE = Automatic;
				CURRENT_PROJECT_VERSION = 1;
				DEVELOPMENT_ASSET_PATHS = "\"Landmarks/Preview Content\"";
				DEVELOPMENT_TEAM = J6V7ZW6RD3;
				ENABLE_PREVIEWS = YES;
				GENERATE_INFOPLIST_FILE = YES;
				INFOPLIST_KEY_UIApplicationSceneManifest_Generation = YES;
				INFOPLIST_KEY_UIApplicationSupportsIndirectInputEvents = YES;
				INFOPLIST_KEY_UILaunchScreen_Generation = YES;
				INFOPLIST_KEY_UISupportedInterfaceOrientations_iPad = "UIInterfaceOrientationPortrait UIInterfaceOrientationPortraitUpsideDown UIInterfaceOrientationLandscapeLeft UIInterfaceOrientationLandscapeRight";
				INFOPLIST_KEY_UISupportedInterfaceOrientations_iPhone = "UIInterfaceOrientationPortrait UIInterfaceOrientationLandscapeLeft UIInterfaceOrientationLandscapeRight";
				IPHONEOS_DEPLOYMENT_TARGET = 17.5;
				LD_RUNPATH_SEARCH_PATHS = (
					"$(inherited)",
					"@executable_path/Frameworks",
				);
				MARKETING_VERSION = 1.0;
				PRODUCT_BUNDLE_IDENTIFIER = "com.yuma-takai.Landmarks";
				PRODUCT_NAME = "$(TARGET_NAME)";
				SWIFT_EMIT_LOC_STRINGS = YES;
				SWIFT_VERSION = 5.0;
				TARGETED_DEVICE_FAMILY = "1,2";
			};
			name = Release;
		};
		AC81BC652C6EAC8B001A9E5E /* Debug */ = {
			isa = XCBuildConfiguration;
			buildSettings = {
				ALWAYS_EMBED_SWIFT_STANDARD_LIBRARIES = YES;
				BUNDLE_LOADER = "$(TEST_HOST)";
				CODE_SIGN_STYLE = Automatic;
				CURRENT_PROJECT_VERSION = 1;
				DEVELOPMENT_TEAM = J6V7ZW6RD3;
				GENERATE_INFOPLIST_FILE = YES;
				IPHONEOS_DEPLOYMENT_TARGET = 17.5;
				MARKETING_VERSION = 1.0;
				PRODUCT_BUNDLE_IDENTIFIER = "com.yuma-takai.LandmarksTests";
				PRODUCT_NAME = "$(TARGET_NAME)";
				SWIFT_EMIT_LOC_STRINGS = NO;
				SWIFT_VERSION = 5.0;
				TARGETED_DEVICE_FAMILY = "1,2";
				TEST_HOST = "$(BUILT_PRODUCTS_DIR)/Landmarks.app/$(BUNDLE_EXECUTABLE_FOLDER_PATH)/Landmarks";
			};
			name = Debug;
		};
		AC81BC662C6EAC8B001A9E5E /* Release */ = {
			isa = XCBuildConfiguration;
			buildSettings = {
				ALWAYS_EMBED_SWIFT_STANDARD_LIBRARIES = YES;
				BUNDLE_LOADER = "$(TEST_HOST)";
				CODE_SIGN_STYLE = Automatic;
				CURRENT_PROJECT_VERSION = 1;
				DEVELOPMENT_TEAM = J6V7ZW6RD3;
				GENERATE_INFOPLIST_FILE = YES;
				IPHONEOS_DEPLOYMENT_TARGET = 17.5;
				MARKETING_VERSION = 1.0;
				PRODUCT_BUNDLE_IDENTIFIER = "com.yuma-takai.LandmarksTests";
				PRODUCT_NAME = "$(TARGET_NAME)";
				SWIFT_EMIT_LOC_STRINGS = NO;
				SWIFT_VERSION = 5.0;
				TARGETED_DEVICE_FAMILY = "1,2";
				TEST_HOST = "$(BUILT_PRODUCTS_DIR)/Landmarks.app/$(BUNDLE_EXECUTABLE_FOLDER_PATH)/Landmarks";
			};
			name = Release;
		};
		AC81BC682C6EAC8B001A9E5E /* Debug */ = {
			isa = XCBuildConfiguration;
			buildSettings = {
				ALWAYS_EMBED_SWIFT_STANDARD_LIBRARIES = YES;
				CODE_SIGN_STYLE = Automatic;
				CURRENT_PROJECT_VERSION = 1;
				DEVELOPMENT_TEAM = J6V7ZW6RD3;
				GENERATE_INFOPLIST_FILE = YES;
				MARKETING_VERSION = 1.0;
				PRODUCT_BUNDLE_IDENTIFIER = "com.yuma-takai.LandmarksUITests";
				PRODUCT_NAME = "$(TARGET_NAME)";
				SWIFT_EMIT_LOC_STRINGS = NO;
				SWIFT_VERSION = 5.0;
				TARGETED_DEVICE_FAMILY = "1,2";
				TEST_TARGET_NAME = Landmarks;
			};
			name = Debug;
		};
		AC81BC692C6EAC8B001A9E5E /* Release */ = {
			isa = XCBuildConfiguration;
			buildSettings = {
				ALWAYS_EMBED_SWIFT_STANDARD_LIBRARIES = YES;
				CODE_SIGN_STYLE = Automatic;
				CURRENT_PROJECT_VERSION = 1;
				DEVELOPMENT_TEAM = J6V7ZW6RD3;
				GENERATE_INFOPLIST_FILE = YES;
				MARKETING_VERSION = 1.0;
				PRODUCT_BUNDLE_IDENTIFIER = "com.yuma-takai.LandmarksUITests";
				PRODUCT_NAME = "$(TARGET_NAME)";
				SWIFT_EMIT_LOC_STRINGS = NO;
				SWIFT_VERSION = 5.0;
				TARGETED_DEVICE_FAMILY = "1,2";
				TEST_TARGET_NAME = Landmarks;
			};
			name = Release;
		};
/* End XCBuildConfiguration section */

/* Begin XCConfigurationList section */
		AC81BC332C6EAC87001A9E5E /* Build configuration list for PBXProject "Landmarks" */ = {
			isa = XCConfigurationList;
			buildConfigurations = (
				AC81BC5F2C6EAC8B001A9E5E /* Debug */,
				AC81BC602C6EAC8B001A9E5E /* Release */,
			);
			defaultConfigurationIsVisible = 0;
			defaultConfigurationName = Release;
		};
		AC81BC612C6EAC8B001A9E5E /* Build configuration list for PBXNativeTarget "Landmarks" */ = {
			isa = XCConfigurationList;
			buildConfigurations = (
				AC81BC622C6EAC8B001A9E5E /* Debug */,
				AC81BC632C6EAC8B001A9E5E /* Release */,
			);
			defaultConfigurationIsVisible = 0;
			defaultConfigurationName = Release;
		};
		AC81BC642C6EAC8B001A9E5E /* Build configuration list for PBXNativeTarget "LandmarksTests" */ = {
			isa = XCConfigurationList;
			buildConfigurations = (
				AC81BC652C6EAC8B001A9E5E /* Debug */,
				AC81BC662C6EAC8B001A9E5E /* Release */,
			);
			defaultConfigurationIsVisible = 0;
			defaultConfigurationName = Release;
		};
		AC81BC672C6EAC8B001A9E5E /* Build configuration list for PBXNativeTarget "LandmarksUITests" */ = {
			isa = XCConfigurationList;
			buildConfigurations = (
				AC81BC682C6EAC8B001A9E5E /* Debug */,
				AC81BC692C6EAC8B001A9E5E /* Release */,
			);
			defaultConfigurationIsVisible = 0;
			defaultConfigurationName = Release;
		};
/* End XCConfigurationList section */

/* Begin XCVersionGroup section */
		AC81BC462C6EAC89001A9E5E /* Landmarks.xcdatamodeld */ = {
			isa = XCVersionGroup;
			children = (
				AC81BC472C6EAC89001A9E5E /* Landmarks.xcdatamodel */,
			);
			currentVersion = AC81BC472C6EAC89001A9E5E /* Landmarks.xcdatamodel */;
			path = Landmarks.xcdatamodeld;
			sourceTree = "<group>";
			versionGroupType = wrapper.xcdatamodel;
		};
/* End XCVersionGroup section */
	};
	rootObject = AC81BC302C6EAC87001A9E5E /* Project object */;
}
